// !$*UTF8*$!
{
	archiveVersion = 1;
	classes = {
	};
	objectVersion = 46;
	objects = {

/* Begin PBXBuildFile section */
		4AFB84C703669EADE82E1EA7 /* libPods-StationToStation.a in Frameworks */ = {isa = PBXBuildFile; fileRef = F8F9A742435132C8C84A1AA3 /* libPods-StationToStation.a */; };
		560584EA1B2BDBF4009C36CF /* Checkbox.swift in Sources */ = {isa = PBXBuildFile; fileRef = 560584E91B2BDBF4009C36CF /* Checkbox.swift */; };
		9C1067EF1B26A393006F9492 /* CollaboratorsViewController.swift in Sources */ = {isa = PBXBuildFile; fileRef = 9C1067EE1B26A393006F9492 /* CollaboratorsViewController.swift */; };
		9C1067F21B26A3D4006F9492 /* Playlist.storyboard in Resources */ = {isa = PBXBuildFile; fileRef = 9C1067F11B26A3D4006F9492 /* Playlist.storyboard */; };
		9C1067F41B26A3E7006F9492 /* PlaylistViewController.swift in Sources */ = {isa = PBXBuildFile; fileRef = 9C1067F31B26A3E7006F9492 /* PlaylistViewController.swift */; };
		9C2850EE1B23C3B80051D05A /* RdioClient.swift in Sources */ = {isa = PBXBuildFile; fileRef = 9C2850ED1B23C3B80051D05A /* RdioClient.swift */; };
		9C2850F21B23CDBA0051D05A /* Authentication.storyboard in Resources */ = {isa = PBXBuildFile; fileRef = 9C2850F11B23CDBA0051D05A /* Authentication.storyboard */; };
		9C2850F61B24029E0051D05A /* AuthenticationViewController.swift in Sources */ = {isa = PBXBuildFile; fileRef = 9C2850F51B24029E0051D05A /* AuthenticationViewController.swift */; };
		9C2B56F71B289788001AE7AE /* Main.storyboard in Resources */ = {isa = PBXBuildFile; fileRef = 9C2B56F61B289788001AE7AE /* Main.storyboard */; };
		9C2B56F91B2897BB001AE7AE /* TabBarViewController.swift in Sources */ = {isa = PBXBuildFile; fileRef = 9C2B56F81B2897BB001AE7AE /* TabBarViewController.swift */; };
		9C2B56FC1B289C61001AE7AE /* ProfileViewController.swift in Sources */ = {isa = PBXBuildFile; fileRef = 9C2B56FB1B289C61001AE7AE /* ProfileViewController.swift */; };
		9C2B56FE1B289C73001AE7AE /* Profile.storyboard in Resources */ = {isa = PBXBuildFile; fileRef = 9C2B56FD1B289C73001AE7AE /* Profile.storyboard */; };
		9C2B57001B28AD27001AE7AE /* StationViewController.swift in Sources */ = {isa = PBXBuildFile; fileRef = 9C2B56FF1B28AD27001AE7AE /* StationViewController.swift */; };
		9C2B57021B28B0F3001AE7AE /* AddCollaboratorsViewController.swift in Sources */ = {isa = PBXBuildFile; fileRef = 9C2B57011B28B0F3001AE7AE /* AddCollaboratorsViewController.swift */; };
		9C2B57041B28B664001AE7AE /* UserCell.swift in Sources */ = {isa = PBXBuildFile; fileRef = 9C2B57031B28B664001AE7AE /* UserCell.swift */; };
		9C2B57081B28B82C001AE7AE /* Collaborators.storyboard in Resources */ = {isa = PBXBuildFile; fileRef = 9C2B57071B28B82C001AE7AE /* Collaborators.storyboard */; };
		9C2B570D1B295173001AE7AE /* InvitesViewController.swift in Sources */ = {isa = PBXBuildFile; fileRef = 9C2B570C1B295173001AE7AE /* InvitesViewController.swift */; };
		9C2B570F1B2951AA001AE7AE /* Invites.storyboard in Resources */ = {isa = PBXBuildFile; fileRef = 9C2B570E1B2951AA001AE7AE /* Invites.storyboard */; };
		9C2B57141B2AB8FE001AE7AE /* StationHeaderView.swift in Sources */ = {isa = PBXBuildFile; fileRef = 9C2B57131B2AB8FE001AE7AE /* StationHeaderView.swift */; };
		9C2B57161B2AB919001AE7AE /* StationHeaderView.xib in Resources */ = {isa = PBXBuildFile; fileRef = 9C2B57151B2AB919001AE7AE /* StationHeaderView.xib */; };
		9C2B571C1B2BB652001AE7AE /* AddTrackCell.swift in Sources */ = {isa = PBXBuildFile; fileRef = 9C2B571B1B2BB652001AE7AE /* AddTrackCell.swift */; };
		9C2B571E1B2BF6B5001AE7AE /* CreateStationViewController.swift in Sources */ = {isa = PBXBuildFile; fileRef = 9C2B571D1B2BF6B5001AE7AE /* CreateStationViewController.swift */; };
		9C2B57201B2BF77B001AE7AE /* CreateStation.storyboard in Resources */ = {isa = PBXBuildFile; fileRef = 9C2B571F1B2BF77A001AE7AE /* CreateStation.storyboard */; };
		9C3204551B24145E00BCD3B2 /* User.swift in Sources */ = {isa = PBXBuildFile; fileRef = 9C3204541B24145D00BCD3B2 /* User.swift */; };
		9C33B9861B2663BD0040A4E1 /* StationCell.swift in Sources */ = {isa = PBXBuildFile; fileRef = 9C33B9851B2663BD0040A4E1 /* StationCell.swift */; };
		9C40DA4E1B21563A001AEBBF /* AppDelegate.swift in Sources */ = {isa = PBXBuildFile; fileRef = 9C40DA4D1B21563A001AEBBF /* AppDelegate.swift */; };
		9C40DA551B21563A001AEBBF /* Images.xcassets in Resources */ = {isa = PBXBuildFile; fileRef = 9C40DA541B21563A001AEBBF /* Images.xcassets */; };
		9C40DA641B21563A001AEBBF /* StationToStationTests.swift in Sources */ = {isa = PBXBuildFile; fileRef = 9C40DA631B21563A001AEBBF /* StationToStationTests.swift */; };
		9C53791E1B263C7200246ECD /* secrets.plist in Resources */ = {isa = PBXBuildFile; fileRef = 9C53791D1B263C7200246ECD /* secrets.plist */; };
		9C5379201B2655AB00246ECD /* Stations.storyboard in Resources */ = {isa = PBXBuildFile; fileRef = 9C53791F1B2655AB00246ECD /* Stations.storyboard */; };
		9C5379241B2658EF00246ECD /* StationsViewController.swift in Sources */ = {isa = PBXBuildFile; fileRef = 9C5379231B2658EF00246ECD /* StationsViewController.swift */; };
		AB164E2D1B28138B00FCB441 /* TrackCell.swift in Sources */ = {isa = PBXBuildFile; fileRef = AB164E2C1B28138B00FCB441 /* TrackCell.swift */; };
		AB164E331B281E7E00FCB441 /* AddTracks.storyboard in Resources */ = {isa = PBXBuildFile; fileRef = AB164E321B281E7E00FCB441 /* AddTracks.storyboard */; };
		AB164E351B281E8E00FCB441 /* AddTracksViewController.swift in Sources */ = {isa = PBXBuildFile; fileRef = AB164E341B281E8E00FCB441 /* AddTracksViewController.swift */; };
		AB34F2601B23A75300E14AB1 /* DataStoreClient.swift in Sources */ = {isa = PBXBuildFile; fileRef = AB34F25E1B23A75300E14AB1 /* DataStoreClient.swift */; };
		AB34F2611B23A75300E14AB1 /* Utils.swift in Sources */ = {isa = PBXBuildFile; fileRef = AB34F25F1B23A75300E14AB1 /* Utils.swift */; };
		AB34F2681B23AFDF00E14AB1 /* Podfile in Resources */ = {isa = PBXBuildFile; fileRef = AB34F2651B23AFDF00E14AB1 /* Podfile */; };
		AB34F2691B23AFDF00E14AB1 /* LICENSE in Resources */ = {isa = PBXBuildFile; fileRef = AB34F2661B23AFDF00E14AB1 /* LICENSE */; };
		AB34F26A1B23AFDF00E14AB1 /* README.md in Resources */ = {isa = PBXBuildFile; fileRef = AB34F2671B23AFDF00E14AB1 /* README.md */; };
		AB34F26C1B23B12000E14AB1 /* Vote.storyboard in Resources */ = {isa = PBXBuildFile; fileRef = AB34F26B1B23B12000E14AB1 /* Vote.storyboard */; };
		AB34F26E1B23B2F900E14AB1 /* VoteViewController.swift in Sources */ = {isa = PBXBuildFile; fileRef = AB34F26D1B23B2F900E14AB1 /* VoteViewController.swift */; };
		AB700E5D1B24FFD5008FE3CB /* Rdio.framework in Frameworks */ = {isa = PBXBuildFile; fileRef = AB700E5C1B24FFD5008FE3CB /* Rdio.framework */; };
		AB700E611B250644008FE3CB /* AudioToolbox.framework in Frameworks */ = {isa = PBXBuildFile; fileRef = AB700E601B250644008FE3CB /* AudioToolbox.framework */; };
		AB700E631B250649008FE3CB /* CFNetwork.framework in Frameworks */ = {isa = PBXBuildFile; fileRef = AB700E621B250649008FE3CB /* CFNetwork.framework */; };
		AB700E651B25064F008FE3CB /* CoreGraphics.framework in Frameworks */ = {isa = PBXBuildFile; fileRef = AB700E641B25064F008FE3CB /* CoreGraphics.framework */; };
		AB700E671B250655008FE3CB /* CoreMedia.framework in Frameworks */ = {isa = PBXBuildFile; fileRef = AB700E661B250655008FE3CB /* CoreMedia.framework */; };
		AB700E691B25065B008FE3CB /* Security.framework in Frameworks */ = {isa = PBXBuildFile; fileRef = AB700E681B25065B008FE3CB /* Security.framework */; };
		AB700E6B1B250660008FE3CB /* SystemConfiguration.framework in Frameworks */ = {isa = PBXBuildFile; fileRef = AB700E6A1B250660008FE3CB /* SystemConfiguration.framework */; };
		AB7912A81B2C19EE002E1795 /* StationHeaderSubview.swift in Sources */ = {isa = PBXBuildFile; fileRef = AB7912A71B2C19EE002E1795 /* StationHeaderSubview.swift */; };
		AB89D84D1B26A5E60031FF22 /* Collaborator.swift in Sources */ = {isa = PBXBuildFile; fileRef = AB89D84C1B26A5E60031FF22 /* Collaborator.swift */; };
		ABC4ED961B23A62E00CF5981 /* Vote.swift in Sources */ = {isa = PBXBuildFile; fileRef = ABC4ED951B23A62E00CF5981 /* Vote.swift */; };
		ABEB416B1B25277D0088C812 /* Station.swift in Sources */ = {isa = PBXBuildFile; fileRef = ABEB416A1B25277D0088C812 /* Station.swift */; };
		ABEB416D1B252B250088C812 /* Playlist.swift in Sources */ = {isa = PBXBuildFile; fileRef = ABEB416C1B252B250088C812 /* Playlist.swift */; };
		ABEB416F1B252BD40088C812 /* Track.swift in Sources */ = {isa = PBXBuildFile; fileRef = ABEB416E1B252BD40088C812 /* Track.swift */; };
/* End PBXBuildFile section */

/* Begin PBXContainerItemProxy section */
		9C40DA5E1B21563A001AEBBF /* PBXContainerItemProxy */ = {
			isa = PBXContainerItemProxy;
			containerPortal = 9C40DA401B21563A001AEBBF /* Project object */;
			proxyType = 1;
			remoteGlobalIDString = 9C40DA471B21563A001AEBBF;
			remoteInfo = StationToStation;
		};
/* End PBXContainerItemProxy section */

/* Begin PBXFileReference section */
		560584E91B2BDBF4009C36CF /* Checkbox.swift */ = {isa = PBXFileReference; fileEncoding = 4; lastKnownFileType = sourcecode.swift; path = Checkbox.swift; sourceTree = "<group>"; };
		9C1067EE1B26A393006F9492 /* CollaboratorsViewController.swift */ = {isa = PBXFileReference; fileEncoding = 4; lastKnownFileType = sourcecode.swift; path = CollaboratorsViewController.swift; sourceTree = "<group>"; };
		9C1067F11B26A3D4006F9492 /* Playlist.storyboard */ = {isa = PBXFileReference; fileEncoding = 4; lastKnownFileType = file.storyboard; path = Playlist.storyboard; sourceTree = "<group>"; };
		9C1067F31B26A3E7006F9492 /* PlaylistViewController.swift */ = {isa = PBXFileReference; fileEncoding = 4; lastKnownFileType = sourcecode.swift; path = PlaylistViewController.swift; sourceTree = "<group>"; };
		9C2850ED1B23C3B80051D05A /* RdioClient.swift */ = {isa = PBXFileReference; fileEncoding = 4; lastKnownFileType = sourcecode.swift; path = RdioClient.swift; sourceTree = "<group>"; };
		9C2850F11B23CDBA0051D05A /* Authentication.storyboard */ = {isa = PBXFileReference; fileEncoding = 4; lastKnownFileType = file.storyboard; path = Authentication.storyboard; sourceTree = "<group>"; };
		9C2850F51B24029E0051D05A /* AuthenticationViewController.swift */ = {isa = PBXFileReference; fileEncoding = 4; lastKnownFileType = sourcecode.swift; path = AuthenticationViewController.swift; sourceTree = "<group>"; };
		9C2B56F61B289788001AE7AE /* Main.storyboard */ = {isa = PBXFileReference; fileEncoding = 4; lastKnownFileType = file.storyboard; path = Main.storyboard; sourceTree = "<group>"; };
		9C2B56F81B2897BB001AE7AE /* TabBarViewController.swift */ = {isa = PBXFileReference; fileEncoding = 4; lastKnownFileType = sourcecode.swift; path = TabBarViewController.swift; sourceTree = "<group>"; };
		9C2B56FB1B289C61001AE7AE /* ProfileViewController.swift */ = {isa = PBXFileReference; fileEncoding = 4; lastKnownFileType = sourcecode.swift; path = ProfileViewController.swift; sourceTree = "<group>"; };
		9C2B56FD1B289C73001AE7AE /* Profile.storyboard */ = {isa = PBXFileReference; fileEncoding = 4; lastKnownFileType = file.storyboard; path = Profile.storyboard; sourceTree = "<group>"; };
		9C2B56FF1B28AD27001AE7AE /* StationViewController.swift */ = {isa = PBXFileReference; fileEncoding = 4; lastKnownFileType = sourcecode.swift; path = StationViewController.swift; sourceTree = "<group>"; };
		9C2B57011B28B0F3001AE7AE /* AddCollaboratorsViewController.swift */ = {isa = PBXFileReference; fileEncoding = 4; lastKnownFileType = sourcecode.swift; path = AddCollaboratorsViewController.swift; sourceTree = "<group>"; };
		9C2B57031B28B664001AE7AE /* UserCell.swift */ = {isa = PBXFileReference; fileEncoding = 4; lastKnownFileType = sourcecode.swift; path = UserCell.swift; sourceTree = "<group>"; };
		9C2B57071B28B82C001AE7AE /* Collaborators.storyboard */ = {isa = PBXFileReference; fileEncoding = 4; lastKnownFileType = file.storyboard; path = Collaborators.storyboard; sourceTree = "<group>"; };
		9C2B570C1B295173001AE7AE /* InvitesViewController.swift */ = {isa = PBXFileReference; fileEncoding = 4; lastKnownFileType = sourcecode.swift; path = InvitesViewController.swift; sourceTree = "<group>"; };
		9C2B570E1B2951AA001AE7AE /* Invites.storyboard */ = {isa = PBXFileReference; fileEncoding = 4; lastKnownFileType = file.storyboard; path = Invites.storyboard; sourceTree = "<group>"; };
		9C2B57131B2AB8FE001AE7AE /* StationHeaderView.swift */ = {isa = PBXFileReference; fileEncoding = 4; lastKnownFileType = sourcecode.swift; path = StationHeaderView.swift; sourceTree = "<group>"; };
		9C2B57151B2AB919001AE7AE /* StationHeaderView.xib */ = {isa = PBXFileReference; fileEncoding = 4; lastKnownFileType = file.xib; path = StationHeaderView.xib; sourceTree = "<group>"; };
		9C2B571B1B2BB652001AE7AE /* AddTrackCell.swift */ = {isa = PBXFileReference; fileEncoding = 4; lastKnownFileType = sourcecode.swift; path = AddTrackCell.swift; sourceTree = "<group>"; };
		9C2B571D1B2BF6B5001AE7AE /* CreateStationViewController.swift */ = {isa = PBXFileReference; fileEncoding = 4; lastKnownFileType = sourcecode.swift; path = CreateStationViewController.swift; sourceTree = "<group>"; };
		9C2B571F1B2BF77A001AE7AE /* CreateStation.storyboard */ = {isa = PBXFileReference; fileEncoding = 4; lastKnownFileType = file.storyboard; path = CreateStation.storyboard; sourceTree = "<group>"; };
		9C3204541B24145D00BCD3B2 /* User.swift */ = {isa = PBXFileReference; fileEncoding = 4; lastKnownFileType = sourcecode.swift; path = User.swift; sourceTree = "<group>"; };
		9C33B9851B2663BD0040A4E1 /* StationCell.swift */ = {isa = PBXFileReference; fileEncoding = 4; lastKnownFileType = sourcecode.swift; path = StationCell.swift; sourceTree = "<group>"; };
		9C40DA481B21563A001AEBBF /* StationToStation.app */ = {isa = PBXFileReference; explicitFileType = wrapper.application; includeInIndex = 0; path = StationToStation.app; sourceTree = BUILT_PRODUCTS_DIR; };
		9C40DA4C1B21563A001AEBBF /* Info.plist */ = {isa = PBXFileReference; lastKnownFileType = text.plist.xml; path = Info.plist; sourceTree = "<group>"; };
		9C40DA4D1B21563A001AEBBF /* AppDelegate.swift */ = {isa = PBXFileReference; lastKnownFileType = sourcecode.swift; path = AppDelegate.swift; sourceTree = "<group>"; };
		9C40DA541B21563A001AEBBF /* Images.xcassets */ = {isa = PBXFileReference; lastKnownFileType = folder.assetcatalog; path = Images.xcassets; sourceTree = "<group>"; };
		9C40DA5D1B21563A001AEBBF /* StationToStationTests.xctest */ = {isa = PBXFileReference; explicitFileType = wrapper.cfbundle; includeInIndex = 0; path = StationToStationTests.xctest; sourceTree = BUILT_PRODUCTS_DIR; };
		9C40DA621B21563A001AEBBF /* Info.plist */ = {isa = PBXFileReference; lastKnownFileType = text.plist.xml; path = Info.plist; sourceTree = "<group>"; };
		9C40DA631B21563A001AEBBF /* StationToStationTests.swift */ = {isa = PBXFileReference; lastKnownFileType = sourcecode.swift; path = StationToStationTests.swift; sourceTree = "<group>"; };
		9C53791D1B263C7200246ECD /* secrets.plist */ = {isa = PBXFileReference; fileEncoding = 4; lastKnownFileType = text.plist.xml; path = secrets.plist; sourceTree = "<group>"; };
		9C53791F1B2655AB00246ECD /* Stations.storyboard */ = {isa = PBXFileReference; fileEncoding = 4; lastKnownFileType = file.storyboard; path = Stations.storyboard; sourceTree = "<group>"; };
		9C5379231B2658EF00246ECD /* StationsViewController.swift */ = {isa = PBXFileReference; fileEncoding = 4; lastKnownFileType = sourcecode.swift; path = StationsViewController.swift; sourceTree = "<group>"; };
		AB164E2C1B28138B00FCB441 /* TrackCell.swift */ = {isa = PBXFileReference; fileEncoding = 4; lastKnownFileType = sourcecode.swift; path = TrackCell.swift; sourceTree = "<group>"; };
		AB164E321B281E7E00FCB441 /* AddTracks.storyboard */ = {isa = PBXFileReference; fileEncoding = 4; lastKnownFileType = file.storyboard; path = AddTracks.storyboard; sourceTree = "<group>"; };
		AB164E341B281E8E00FCB441 /* AddTracksViewController.swift */ = {isa = PBXFileReference; fileEncoding = 4; lastKnownFileType = sourcecode.swift; path = AddTracksViewController.swift; sourceTree = "<group>"; };
		AB34F25E1B23A75300E14AB1 /* DataStoreClient.swift */ = {isa = PBXFileReference; fileEncoding = 4; lastKnownFileType = sourcecode.swift; path = DataStoreClient.swift; sourceTree = "<group>"; };
		AB34F25F1B23A75300E14AB1 /* Utils.swift */ = {isa = PBXFileReference; fileEncoding = 4; lastKnownFileType = sourcecode.swift; path = Utils.swift; sourceTree = "<group>"; };
		AB34F2621B23A83800E14AB1 /* StationToStation-Bridging-Header.h */ = {isa = PBXFileReference; lastKnownFileType = sourcecode.c.h; path = "StationToStation-Bridging-Header.h"; sourceTree = "<group>"; };
		AB34F2651B23AFDF00E14AB1 /* Podfile */ = {isa = PBXFileReference; fileEncoding = 4; lastKnownFileType = text; path = Podfile; sourceTree = "<group>"; xcLanguageSpecificationIdentifier = xcode.lang.ruby; };
		AB34F2661B23AFDF00E14AB1 /* LICENSE */ = {isa = PBXFileReference; fileEncoding = 4; lastKnownFileType = text; path = LICENSE; sourceTree = "<group>"; };
		AB34F2671B23AFDF00E14AB1 /* README.md */ = {isa = PBXFileReference; fileEncoding = 4; lastKnownFileType = net.daringfireball.markdown; path = README.md; sourceTree = "<group>"; };
		AB34F26B1B23B12000E14AB1 /* Vote.storyboard */ = {isa = PBXFileReference; fileEncoding = 4; lastKnownFileType = file.storyboard; path = Vote.storyboard; sourceTree = "<group>"; };
		AB34F26D1B23B2F900E14AB1 /* VoteViewController.swift */ = {isa = PBXFileReference; fileEncoding = 4; lastKnownFileType = sourcecode.swift; path = VoteViewController.swift; sourceTree = "<group>"; };
		AB700E5C1B24FFD5008FE3CB /* Rdio.framework */ = {isa = PBXFileReference; lastKnownFileType = wrapper.framework; path = Rdio.framework; sourceTree = "<group>"; };
		AB700E601B250644008FE3CB /* AudioToolbox.framework */ = {isa = PBXFileReference; lastKnownFileType = wrapper.framework; name = AudioToolbox.framework; path = System/Library/Frameworks/AudioToolbox.framework; sourceTree = SDKROOT; };
		AB700E621B250649008FE3CB /* CFNetwork.framework */ = {isa = PBXFileReference; lastKnownFileType = wrapper.framework; name = CFNetwork.framework; path = System/Library/Frameworks/CFNetwork.framework; sourceTree = SDKROOT; };
		AB700E641B25064F008FE3CB /* CoreGraphics.framework */ = {isa = PBXFileReference; lastKnownFileType = wrapper.framework; name = CoreGraphics.framework; path = System/Library/Frameworks/CoreGraphics.framework; sourceTree = SDKROOT; };
		AB700E661B250655008FE3CB /* CoreMedia.framework */ = {isa = PBXFileReference; lastKnownFileType = wrapper.framework; name = CoreMedia.framework; path = System/Library/Frameworks/CoreMedia.framework; sourceTree = SDKROOT; };
		AB700E681B25065B008FE3CB /* Security.framework */ = {isa = PBXFileReference; lastKnownFileType = wrapper.framework; name = Security.framework; path = System/Library/Frameworks/Security.framework; sourceTree = SDKROOT; };
		AB700E6A1B250660008FE3CB /* SystemConfiguration.framework */ = {isa = PBXFileReference; lastKnownFileType = wrapper.framework; name = SystemConfiguration.framework; path = System/Library/Frameworks/SystemConfiguration.framework; sourceTree = SDKROOT; };
		AB7912A71B2C19EE002E1795 /* StationHeaderSubview.swift */ = {isa = PBXFileReference; fileEncoding = 4; lastKnownFileType = sourcecode.swift; path = StationHeaderSubview.swift; sourceTree = "<group>"; };
		AB89D84C1B26A5E60031FF22 /* Collaborator.swift */ = {isa = PBXFileReference; fileEncoding = 4; lastKnownFileType = sourcecode.swift; path = Collaborator.swift; sourceTree = "<group>"; };
		ABC4ED951B23A62E00CF5981 /* Vote.swift */ = {isa = PBXFileReference; fileEncoding = 4; lastKnownFileType = sourcecode.swift; path = Vote.swift; sourceTree = "<group>"; };
		ABEB416A1B25277D0088C812 /* Station.swift */ = {isa = PBXFileReference; fileEncoding = 4; lastKnownFileType = sourcecode.swift; path = Station.swift; sourceTree = "<group>"; };
		ABEB416C1B252B250088C812 /* Playlist.swift */ = {isa = PBXFileReference; fileEncoding = 4; lastKnownFileType = sourcecode.swift; path = Playlist.swift; sourceTree = "<group>"; };
		ABEB416E1B252BD40088C812 /* Track.swift */ = {isa = PBXFileReference; fileEncoding = 4; lastKnownFileType = sourcecode.swift; path = Track.swift; sourceTree = "<group>"; };
		ECC08714F9B3C6A5BE6446DD /* Pods-StationToStation.debug.xcconfig */ = {isa = PBXFileReference; includeInIndex = 1; lastKnownFileType = text.xcconfig; name = "Pods-StationToStation.debug.xcconfig"; path = "Pods/Target Support Files/Pods-StationToStation/Pods-StationToStation.debug.xcconfig"; sourceTree = "<group>"; };
		EE15B70B16D103D74AC34388 /* Pods-StationToStation.release.xcconfig */ = {isa = PBXFileReference; includeInIndex = 1; lastKnownFileType = text.xcconfig; name = "Pods-StationToStation.release.xcconfig"; path = "Pods/Target Support Files/Pods-StationToStation/Pods-StationToStation.release.xcconfig"; sourceTree = "<group>"; };
		F8F9A742435132C8C84A1AA3 /* libPods-StationToStation.a */ = {isa = PBXFileReference; explicitFileType = archive.ar; includeInIndex = 0; path = "libPods-StationToStation.a"; sourceTree = BUILT_PRODUCTS_DIR; };
/* End PBXFileReference section */

/* Begin PBXFrameworksBuildPhase section */
		9C40DA451B21563A001AEBBF /* Frameworks */ = {
			isa = PBXFrameworksBuildPhase;
			buildActionMask = 2147483647;
			files = (
				AB700E6B1B250660008FE3CB /* SystemConfiguration.framework in Frameworks */,
				AB700E691B25065B008FE3CB /* Security.framework in Frameworks */,
				AB700E671B250655008FE3CB /* CoreMedia.framework in Frameworks */,
				AB700E651B25064F008FE3CB /* CoreGraphics.framework in Frameworks */,
				AB700E631B250649008FE3CB /* CFNetwork.framework in Frameworks */,
				AB700E611B250644008FE3CB /* AudioToolbox.framework in Frameworks */,
				AB700E5D1B24FFD5008FE3CB /* Rdio.framework in Frameworks */,
				4AFB84C703669EADE82E1EA7 /* libPods-StationToStation.a in Frameworks */,
			);
			runOnlyForDeploymentPostprocessing = 0;
		};
		9C40DA5A1B21563A001AEBBF /* Frameworks */ = {
			isa = PBXFrameworksBuildPhase;
			buildActionMask = 2147483647;
			files = (
			);
			runOnlyForDeploymentPostprocessing = 0;
		};
/* End PBXFrameworksBuildPhase section */

/* Begin PBXGroup section */
		9C1067EB1B26A348006F9492 /* Collaborators */ = {
			isa = PBXGroup;
			children = (
				9C2B57011B28B0F3001AE7AE /* AddCollaboratorsViewController.swift */,
				9C2B57071B28B82C001AE7AE /* Collaborators.storyboard */,
				9C1067EE1B26A393006F9492 /* CollaboratorsViewController.swift */,
			);
			name = Collaborators;
			sourceTree = "<group>";
		};
		9C1067F01B26A3A9006F9492 /* Playlist */ = {
			isa = PBXGroup;
			children = (
				9C1067F11B26A3D4006F9492 /* Playlist.storyboard */,
				9C1067F31B26A3E7006F9492 /* PlaylistViewController.swift */,
				AB164E321B281E7E00FCB441 /* AddTracks.storyboard */,
				AB164E341B281E8E00FCB441 /* AddTracksViewController.swift */,
			);
			name = Playlist;
			sourceTree = "<group>";
		};
		9C2850E71B23A3B60051D05A /* Application */ = {
			isa = PBXGroup;
			children = (
				9C40DA6E1B215645001AEBBF /* Controllers */,
				9C40DA6F1B215653001AEBBF /* Models */,
				9C2850F01B23C6840051D05A /* RestAPI */,
				AB34F25F1B23A75300E14AB1 /* Utils.swift */,
				9C40DA6D1B215640001AEBBF /* Views */,
			);
			name = Application;
			sourceTree = "<group>";
		};
		9C2850E81B23A3C70051D05A /* Configuration */ = {
			isa = PBXGroup;
			children = (
				9C40DA4D1B21563A001AEBBF /* AppDelegate.swift */,
				9C40DA541B21563A001AEBBF /* Images.xcassets */,
				9C40DA4B1B21563A001AEBBF /* Supporting Files */,
			);
			name = Configuration;
			sourceTree = "<group>";
		};
		9C2850EC1B23C2A00051D05A /* Authentictation */ = {
			isa = PBXGroup;
			children = (
				9C2850F11B23CDBA0051D05A /* Authentication.storyboard */,
				9C2850F51B24029E0051D05A /* AuthenticationViewController.swift */,
			);
			name = Authentictation;
			sourceTree = "<group>";
		};
		9C2850F01B23C6840051D05A /* RestAPI */ = {
			isa = PBXGroup;
			children = (
				AB34F25E1B23A75300E14AB1 /* DataStoreClient.swift */,
				9C2850ED1B23C3B80051D05A /* RdioClient.swift */,
			);
			name = RestAPI;
			sourceTree = "<group>";
		};
		9C2B56F51B28975E001AE7AE /* TabBar */ = {
			isa = PBXGroup;
			children = (
				9C2B56F61B289788001AE7AE /* Main.storyboard */,
				9C2B56F81B2897BB001AE7AE /* TabBarViewController.swift */,
			);
			name = TabBar;
			sourceTree = "<group>";
		};
		9C2B56FA1B289C42001AE7AE /* Profile */ = {
			isa = PBXGroup;
			children = (
				9C2B56FD1B289C73001AE7AE /* Profile.storyboard */,
				9C2B56FB1B289C61001AE7AE /* ProfileViewController.swift */,
			);
			name = Profile;
			sourceTree = "<group>";
		};
		9C2B570B1B295127001AE7AE /* Invites */ = {
			isa = PBXGroup;
			children = (
				9C2B570E1B2951AA001AE7AE /* Invites.storyboard */,
				9C2B570C1B295173001AE7AE /* InvitesViewController.swift */,
			);
			name = Invites;
			sourceTree = "<group>";
		};
		9C40DA3F1B21563A001AEBBF = {
			isa = PBXGroup;
			children = (
				AB34F2661B23AFDF00E14AB1 /* LICENSE */,
				AB34F2651B23AFDF00E14AB1 /* Podfile */,
				AB34F2671B23AFDF00E14AB1 /* README.md */,
				DB82D6CE073313544B0BF872 /* Frameworks */,
				F21CE7C0F622B59BD3CACBE5 /* Pods */,
				9C40DA491B21563A001AEBBF /* Products */,
				9C40DA4A1B21563A001AEBBF /* StationToStation */,
				9C40DA601B21563A001AEBBF /* StationToStationTests */,
			);
			sourceTree = "<group>";
		};
		9C40DA491B21563A001AEBBF /* Products */ = {
			isa = PBXGroup;
			children = (
				9C40DA481B21563A001AEBBF /* StationToStation.app */,
				9C40DA5D1B21563A001AEBBF /* StationToStationTests.xctest */,
			);
			name = Products;
			sourceTree = "<group>";
		};
		9C40DA4A1B21563A001AEBBF /* StationToStation */ = {
			isa = PBXGroup;
			children = (
				9C2850E71B23A3B60051D05A /* Application */,
				9C2850E81B23A3C70051D05A /* Configuration */,
			);
			path = StationToStation;
			sourceTree = "<group>";
		};
		9C40DA4B1B21563A001AEBBF /* Supporting Files */ = {
			isa = PBXGroup;
			children = (
				9C40DA4C1B21563A001AEBBF /* Info.plist */,
				9C53791D1B263C7200246ECD /* secrets.plist */,
				AB34F2621B23A83800E14AB1 /* StationToStation-Bridging-Header.h */,
			);
			name = "Supporting Files";
			sourceTree = "<group>";
		};
		9C40DA601B21563A001AEBBF /* StationToStationTests */ = {
			isa = PBXGroup;
			children = (
				9C40DA631B21563A001AEBBF /* StationToStationTests.swift */,
				9C40DA611B21563A001AEBBF /* Supporting Files */,
			);
			path = StationToStationTests;
			sourceTree = "<group>";
		};
		9C40DA611B21563A001AEBBF /* Supporting Files */ = {
			isa = PBXGroup;
			children = (
				9C40DA621B21563A001AEBBF /* Info.plist */,
			);
			name = "Supporting Files";
			sourceTree = "<group>";
		};
		9C40DA6D1B215640001AEBBF /* Views */ = {
			isa = PBXGroup;
			children = (
				9C2B571B1B2BB652001AE7AE /* AddTrackCell.swift */,
				9C33B9851B2663BD0040A4E1 /* StationCell.swift */,
				9C2B57131B2AB8FE001AE7AE /* StationHeaderView.swift */,
				AB7912A71B2C19EE002E1795 /* StationHeaderSubview.swift */,
				9C2B57151B2AB919001AE7AE /* StationHeaderView.xib */,
				AB164E2C1B28138B00FCB441 /* TrackCell.swift */,
				9C2B57031B28B664001AE7AE /* UserCell.swift */,
				560584E91B2BDBF4009C36CF /* Checkbox.swift */,
			);
			name = Views;
			sourceTree = "<group>";
		};
		9C40DA6E1B215645001AEBBF /* Controllers */ = {
			isa = PBXGroup;
			children = (
				9C2850EC1B23C2A00051D05A /* Authentictation */,
				9C1067EB1B26A348006F9492 /* Collaborators */,
				9C2B570B1B295127001AE7AE /* Invites */,
				9C1067F01B26A3A9006F9492 /* Playlist */,
				9C2B56FA1B289C42001AE7AE /* Profile */,
				9C5F2FE11B2622D500F9C7F1 /* Stations */,
				9C2B56F51B28975E001AE7AE /* TabBar */,
				9C5F2FE01B2559D400F9C7F1 /* Vote */,
			);
			name = Controllers;
			sourceTree = "<group>";
		};
		9C40DA6F1B215653001AEBBF /* Models */ = {
			isa = PBXGroup;
			children = (
				AB89D84C1B26A5E60031FF22 /* Collaborator.swift */,
				ABEB416C1B252B250088C812 /* Playlist.swift */,
				ABEB416A1B25277D0088C812 /* Station.swift */,
				ABEB416E1B252BD40088C812 /* Track.swift */,
				9C3204541B24145D00BCD3B2 /* User.swift */,
				ABC4ED951B23A62E00CF5981 /* Vote.swift */,
			);
			name = Models;
			sourceTree = "<group>";
		};
		9C5F2FE01B2559D400F9C7F1 /* Vote */ = {
			isa = PBXGroup;
			children = (
				AB34F26B1B23B12000E14AB1 /* Vote.storyboard */,
				AB34F26D1B23B2F900E14AB1 /* VoteViewController.swift */,
			);
			name = Vote;
			sourceTree = "<group>";
		};
		9C5F2FE11B2622D500F9C7F1 /* Stations */ = {
			isa = PBXGroup;
			children = (
				9C53791F1B2655AB00246ECD /* Stations.storyboard */,
				9C5379231B2658EF00246ECD /* StationsViewController.swift */,
				9C2B56FF1B28AD27001AE7AE /* StationViewController.swift */,
				9C2B571D1B2BF6B5001AE7AE /* CreateStationViewController.swift */,
				9C2B571F1B2BF77A001AE7AE /* CreateStation.storyboard */,
			);
			name = Stations;
			sourceTree = "<group>";
		};
		DB82D6CE073313544B0BF872 /* Frameworks */ = {
			isa = PBXGroup;
			children = (
				AB700E6A1B250660008FE3CB /* SystemConfiguration.framework */,
				AB700E681B25065B008FE3CB /* Security.framework */,
				AB700E661B250655008FE3CB /* CoreMedia.framework */,
				AB700E641B25064F008FE3CB /* CoreGraphics.framework */,
				AB700E621B250649008FE3CB /* CFNetwork.framework */,
				AB700E601B250644008FE3CB /* AudioToolbox.framework */,
				AB700E5C1B24FFD5008FE3CB /* Rdio.framework */,
				F8F9A742435132C8C84A1AA3 /* libPods-StationToStation.a */,
			);
			name = Frameworks;
			sourceTree = "<group>";
		};
		F21CE7C0F622B59BD3CACBE5 /* Pods */ = {
			isa = PBXGroup;
			children = (
				ECC08714F9B3C6A5BE6446DD /* Pods-StationToStation.debug.xcconfig */,
				EE15B70B16D103D74AC34388 /* Pods-StationToStation.release.xcconfig */,
			);
			name = Pods;
			sourceTree = "<group>";
		};
/* End PBXGroup section */

/* Begin PBXNativeTarget section */
		9C40DA471B21563A001AEBBF /* StationToStation */ = {
			isa = PBXNativeTarget;
			buildConfigurationList = 9C40DA671B21563A001AEBBF /* Build configuration list for PBXNativeTarget "StationToStation" */;
			buildPhases = (
				B5DF8AF93B0B2FBF53E1D0ED /* Check Pods Manifest.lock */,
				9C40DA441B21563A001AEBBF /* Sources */,
				9C40DA451B21563A001AEBBF /* Frameworks */,
				9C40DA461B21563A001AEBBF /* Resources */,
				C7ABE4E603CACD471646DE51 /* Copy Pods Resources */,
			);
			buildRules = (
			);
			dependencies = (
			);
			name = StationToStation;
			productName = StationToStation;
			productReference = 9C40DA481B21563A001AEBBF /* StationToStation.app */;
			productType = "com.apple.product-type.application";
		};
		9C40DA5C1B21563A001AEBBF /* StationToStationTests */ = {
			isa = PBXNativeTarget;
			buildConfigurationList = 9C40DA6A1B21563A001AEBBF /* Build configuration list for PBXNativeTarget "StationToStationTests" */;
			buildPhases = (
				9C40DA591B21563A001AEBBF /* Sources */,
				9C40DA5A1B21563A001AEBBF /* Frameworks */,
				9C40DA5B1B21563A001AEBBF /* Resources */,
			);
			buildRules = (
			);
			dependencies = (
				9C40DA5F1B21563A001AEBBF /* PBXTargetDependency */,
			);
			name = StationToStationTests;
			productName = StationToStationTests;
			productReference = 9C40DA5D1B21563A001AEBBF /* StationToStationTests.xctest */;
			productType = "com.apple.product-type.bundle.unit-test";
		};
/* End PBXNativeTarget section */

/* Begin PBXProject section */
		9C40DA401B21563A001AEBBF /* Project object */ = {
			isa = PBXProject;
			attributes = {
				LastUpgradeCheck = 0630;
				ORGANIZATIONNAME = "Ian Bari";
				TargetAttributes = {
					9C40DA471B21563A001AEBBF = {
						CreatedOnToolsVersion = 6.3.2;
					};
					9C40DA5C1B21563A001AEBBF = {
						CreatedOnToolsVersion = 6.3.2;
						TestTargetID = 9C40DA471B21563A001AEBBF;
					};
				};
			};
			buildConfigurationList = 9C40DA431B21563A001AEBBF /* Build configuration list for PBXProject "StationToStation" */;
			compatibilityVersion = "Xcode 3.2";
			developmentRegion = English;
			hasScannedForEncodings = 0;
			knownRegions = (
				en,
				Base,
			);
			mainGroup = 9C40DA3F1B21563A001AEBBF;
			productRefGroup = 9C40DA491B21563A001AEBBF /* Products */;
			projectDirPath = "";
			projectRoot = "";
			targets = (
				9C40DA471B21563A001AEBBF /* StationToStation */,
				9C40DA5C1B21563A001AEBBF /* StationToStationTests */,
			);
		};
/* End PBXProject section */

/* Begin PBXResourcesBuildPhase section */
		9C40DA461B21563A001AEBBF /* Resources */ = {
			isa = PBXResourcesBuildPhase;
			buildActionMask = 2147483647;
			files = (
				9C2B57081B28B82C001AE7AE /* Collaborators.storyboard in Resources */,
				9C2850F21B23CDBA0051D05A /* Authentication.storyboard in Resources */,
				9C53791E1B263C7200246ECD /* secrets.plist in Resources */,
				9C2B57161B2AB919001AE7AE /* StationHeaderView.xib in Resources */,
				9C40DA551B21563A001AEBBF /* Images.xcassets in Resources */,
				9C2B57201B2BF77B001AE7AE /* CreateStation.storyboard in Resources */,
				AB34F2691B23AFDF00E14AB1 /* LICENSE in Resources */,
				9C2B570F1B2951AA001AE7AE /* Invites.storyboard in Resources */,
				AB34F2681B23AFDF00E14AB1 /* Podfile in Resources */,
				AB34F26A1B23AFDF00E14AB1 /* README.md in Resources */,
				9C2B56F71B289788001AE7AE /* Main.storyboard in Resources */,
				AB34F26C1B23B12000E14AB1 /* Vote.storyboard in Resources */,
				AB164E331B281E7E00FCB441 /* AddTracks.storyboard in Resources */,
				9C1067F21B26A3D4006F9492 /* Playlist.storyboard in Resources */,
				9C2B56FE1B289C73001AE7AE /* Profile.storyboard in Resources */,
				9C5379201B2655AB00246ECD /* Stations.storyboard in Resources */,
			);
			runOnlyForDeploymentPostprocessing = 0;
		};
		9C40DA5B1B21563A001AEBBF /* Resources */ = {
			isa = PBXResourcesBuildPhase;
			buildActionMask = 2147483647;
			files = (
			);
			runOnlyForDeploymentPostprocessing = 0;
		};
/* End PBXResourcesBuildPhase section */

/* Begin PBXShellScriptBuildPhase section */
		B5DF8AF93B0B2FBF53E1D0ED /* Check Pods Manifest.lock */ = {
			isa = PBXShellScriptBuildPhase;
			buildActionMask = 2147483647;
			files = (
			);
			inputPaths = (
			);
			name = "Check Pods Manifest.lock";
			outputPaths = (
			);
			runOnlyForDeploymentPostprocessing = 0;
			shellPath = /bin/sh;
			shellScript = "diff \"${PODS_ROOT}/../Podfile.lock\" \"${PODS_ROOT}/Manifest.lock\" > /dev/null\nif [[ $? != 0 ]] ; then\n    cat << EOM\nerror: The sandbox is not in sync with the Podfile.lock. Run 'pod install' or update your CocoaPods installation.\nEOM\n    exit 1\nfi\n";
			showEnvVarsInLog = 0;
		};
		C7ABE4E603CACD471646DE51 /* Copy Pods Resources */ = {
			isa = PBXShellScriptBuildPhase;
			buildActionMask = 2147483647;
			files = (
			);
			inputPaths = (
			);
			name = "Copy Pods Resources";
			outputPaths = (
			);
			runOnlyForDeploymentPostprocessing = 0;
			shellPath = /bin/sh;
			shellScript = "\"${SRCROOT}/Pods/Target Support Files/Pods-StationToStation/Pods-StationToStation-resources.sh\"\n";
			showEnvVarsInLog = 0;
		};
/* End PBXShellScriptBuildPhase section */

/* Begin PBXSourcesBuildPhase section */
		9C40DA441B21563A001AEBBF /* Sources */ = {
			isa = PBXSourcesBuildPhase;
			buildActionMask = 2147483647;
			files = (
				9C40DA4E1B21563A001AEBBF /* AppDelegate.swift in Sources */,
				AB34F2601B23A75300E14AB1 /* DataStoreClient.swift in Sources */,
				9C2B57021B28B0F3001AE7AE /* AddCollaboratorsViewController.swift in Sources */,
				ABC4ED961B23A62E00CF5981 /* Vote.swift in Sources */,
				9C2850F61B24029E0051D05A /* AuthenticationViewController.swift in Sources */,
				9C2B57001B28AD27001AE7AE /* StationViewController.swift in Sources */,
				9C3204551B24145E00BCD3B2 /* User.swift in Sources */,
				9C2B570D1B295173001AE7AE /* InvitesViewController.swift in Sources */,
				9C2850EE1B23C3B80051D05A /* RdioClient.swift in Sources */,
				ABEB416B1B25277D0088C812 /* Station.swift in Sources */,
				9C2B56F91B2897BB001AE7AE /* TabBarViewController.swift in Sources */,
				560584EA1B2BDBF4009C36CF /* Checkbox.swift in Sources */,
				9C2B571C1B2BB652001AE7AE /* AddTrackCell.swift in Sources */,
				AB7912A81B2C19EE002E1795 /* StationHeaderSubview.swift in Sources */,
				9C5379241B2658EF00246ECD /* StationsViewController.swift in Sources */,
				9C33B9861B2663BD0040A4E1 /* StationCell.swift in Sources */,
				AB164E351B281E8E00FCB441 /* AddTracksViewController.swift in Sources */,
				AB34F26E1B23B2F900E14AB1 /* VoteViewController.swift in Sources */,
				9C2B57141B2AB8FE001AE7AE /* StationHeaderView.swift in Sources */,
				9C2B57041B28B664001AE7AE /* UserCell.swift in Sources */,
				AB164E2D1B28138B00FCB441 /* TrackCell.swift in Sources */,
				ABEB416F1B252BD40088C812 /* Track.swift in Sources */,
				9C1067F41B26A3E7006F9492 /* PlaylistViewController.swift in Sources */,
				9C2B571E1B2BF6B5001AE7AE /* CreateStationViewController.swift in Sources */,
				AB89D84D1B26A5E60031FF22 /* Collaborator.swift in Sources */,
				AB34F2611B23A75300E14AB1 /* Utils.swift in Sources */,
				9C2B56FC1B289C61001AE7AE /* ProfileViewController.swift in Sources */,
				9C1067EF1B26A393006F9492 /* CollaboratorsViewController.swift in Sources */,
				ABEB416D1B252B250088C812 /* Playlist.swift in Sources */,
			);
			runOnlyForDeploymentPostprocessing = 0;
		};
		9C40DA591B21563A001AEBBF /* Sources */ = {
			isa = PBXSourcesBuildPhase;
			buildActionMask = 2147483647;
			files = (
				9C40DA641B21563A001AEBBF /* StationToStationTests.swift in Sources */,
			);
			runOnlyForDeploymentPostprocessing = 0;
		};
/* End PBXSourcesBuildPhase section */

/* Begin PBXTargetDependency section */
		9C40DA5F1B21563A001AEBBF /* PBXTargetDependency */ = {
			isa = PBXTargetDependency;
			target = 9C40DA471B21563A001AEBBF /* StationToStation */;
			targetProxy = 9C40DA5E1B21563A001AEBBF /* PBXContainerItemProxy */;
		};
/* End PBXTargetDependency section */

/* Begin XCBuildConfiguration section */
		9C40DA651B21563A001AEBBF /* Debug */ = {
			isa = XCBuildConfiguration;
			buildSettings = {
				ALWAYS_SEARCH_USER_PATHS = NO;
				CLANG_CXX_LANGUAGE_STANDARD = "gnu++0x";
				CLANG_CXX_LIBRARY = "libc++";
				CLANG_ENABLE_MODULES = YES;
				CLANG_ENABLE_OBJC_ARC = YES;
				CLANG_WARN_BOOL_CONVERSION = YES;
				CLANG_WARN_CONSTANT_CONVERSION = YES;
				CLANG_WARN_DIRECT_OBJC_ISA_USAGE = YES_ERROR;
				CLANG_WARN_EMPTY_BODY = YES;
				CLANG_WARN_ENUM_CONVERSION = YES;
				CLANG_WARN_INT_CONVERSION = YES;
				CLANG_WARN_OBJC_ROOT_CLASS = YES_ERROR;
				CLANG_WARN_UNREACHABLE_CODE = YES;
				CLANG_WARN__DUPLICATE_METHOD_MATCH = YES;
				"CODE_SIGN_IDENTITY[sdk=iphoneos*]" = "iPhone Developer";
				COPY_PHASE_STRIP = NO;
				DEBUG_INFORMATION_FORMAT = "dwarf-with-dsym";
				ENABLE_STRICT_OBJC_MSGSEND = YES;
				GCC_C_LANGUAGE_STANDARD = gnu99;
				GCC_DYNAMIC_NO_PIC = NO;
				GCC_NO_COMMON_BLOCKS = YES;
				GCC_OPTIMIZATION_LEVEL = 0;
				GCC_PREPROCESSOR_DEFINITIONS = (
					"DEBUG=1",
					"$(inherited)",
				);
				GCC_SYMBOLS_PRIVATE_EXTERN = NO;
				GCC_WARN_64_TO_32_BIT_CONVERSION = YES;
				GCC_WARN_ABOUT_RETURN_TYPE = YES_ERROR;
				GCC_WARN_UNDECLARED_SELECTOR = YES;
				GCC_WARN_UNINITIALIZED_AUTOS = YES_AGGRESSIVE;
				GCC_WARN_UNUSED_FUNCTION = YES;
				GCC_WARN_UNUSED_VARIABLE = YES;
				IPHONEOS_DEPLOYMENT_TARGET = 8.3;
				MTL_ENABLE_DEBUG_INFO = YES;
				ONLY_ACTIVE_ARCH = YES;
				SDKROOT = iphoneos;
				SWIFT_OPTIMIZATION_LEVEL = "-Onone";
			};
			name = Debug;
		};
		9C40DA661B21563A001AEBBF /* Release */ = {
			isa = XCBuildConfiguration;
			buildSettings = {
				ALWAYS_SEARCH_USER_PATHS = NO;
				CLANG_CXX_LANGUAGE_STANDARD = "gnu++0x";
				CLANG_CXX_LIBRARY = "libc++";
				CLANG_ENABLE_MODULES = YES;
				CLANG_ENABLE_OBJC_ARC = YES;
				CLANG_WARN_BOOL_CONVERSION = YES;
				CLANG_WARN_CONSTANT_CONVERSION = YES;
				CLANG_WARN_DIRECT_OBJC_ISA_USAGE = YES_ERROR;
				CLANG_WARN_EMPTY_BODY = YES;
				CLANG_WARN_ENUM_CONVERSION = YES;
				CLANG_WARN_INT_CONVERSION = YES;
				CLANG_WARN_OBJC_ROOT_CLASS = YES_ERROR;
				CLANG_WARN_UNREACHABLE_CODE = YES;
				CLANG_WARN__DUPLICATE_METHOD_MATCH = YES;
				"CODE_SIGN_IDENTITY[sdk=iphoneos*]" = "iPhone Developer";
				COPY_PHASE_STRIP = NO;
				DEBUG_INFORMATION_FORMAT = "dwarf-with-dsym";
				ENABLE_NS_ASSERTIONS = NO;
				ENABLE_STRICT_OBJC_MSGSEND = YES;
				GCC_C_LANGUAGE_STANDARD = gnu99;
				GCC_NO_COMMON_BLOCKS = YES;
				GCC_WARN_64_TO_32_BIT_CONVERSION = YES;
				GCC_WARN_ABOUT_RETURN_TYPE = YES_ERROR;
				GCC_WARN_UNDECLARED_SELECTOR = YES;
				GCC_WARN_UNINITIALIZED_AUTOS = YES_AGGRESSIVE;
				GCC_WARN_UNUSED_FUNCTION = YES;
				GCC_WARN_UNUSED_VARIABLE = YES;
				IPHONEOS_DEPLOYMENT_TARGET = 8.3;
				MTL_ENABLE_DEBUG_INFO = NO;
				SDKROOT = iphoneos;
				VALIDATE_PRODUCT = YES;
			};
			name = Release;
		};
		9C40DA681B21563A001AEBBF /* Debug */ = {
			isa = XCBuildConfiguration;
			baseConfigurationReference = ECC08714F9B3C6A5BE6446DD /* Pods-StationToStation.debug.xcconfig */;
			buildSettings = {
				ASSETCATALOG_COMPILER_APPICON_NAME = AppIcon;
				CLANG_ENABLE_MODULES = YES;
				FRAMEWORK_SEARCH_PATHS = (
					"$(inherited)",
					"$(PROJECT_DIR)",
				);
				INFOPLIST_FILE = StationToStation/Info.plist;
				LD_RUNPATH_SEARCH_PATHS = "$(inherited) @executable_path/Frameworks";
				PRODUCT_NAME = "$(TARGET_NAME)";
				SWIFT_OBJC_BRIDGING_HEADER = "StationToStation/StationToStation-Bridging-Header.h";
				SWIFT_OPTIMIZATION_LEVEL = "-Onone";
			};
			name = Debug;
		};
		9C40DA691B21563A001AEBBF /* Release */ = {
			isa = XCBuildConfiguration;
			baseConfigurationReference = EE15B70B16D103D74AC34388 /* Pods-StationToStation.release.xcconfig */;
			buildSettings = {
				ASSETCATALOG_COMPILER_APPICON_NAME = AppIcon;
				CLANG_ENABLE_MODULES = YES;
				FRAMEWORK_SEARCH_PATHS = (
					"$(inherited)",
					"$(PROJECT_DIR)",
				);
				INFOPLIST_FILE = StationToStation/Info.plist;
				LD_RUNPATH_SEARCH_PATHS = "$(inherited) @executable_path/Frameworks";
				PRODUCT_NAME = "$(TARGET_NAME)";
				SWIFT_OBJC_BRIDGING_HEADER = "StationToStation/StationToStation-Bridging-Header.h";
			};
			name = Release;
		};
		9C40DA6B1B21563A001AEBBF /* Debug */ = {
			isa = XCBuildConfiguration;
			buildSettings = {
				BUNDLE_LOADER = "$(TEST_HOST)";
				FRAMEWORK_SEARCH_PATHS = (
					"$(SDKROOT)/Developer/Library/Frameworks",
					"$(inherited)",
				);
				GCC_PREPROCESSOR_DEFINITIONS = (
					"DEBUG=1",
					"$(inherited)",
				);
				INFOPLIST_FILE = StationToStationTests/Info.plist;
				LD_RUNPATH_SEARCH_PATHS = "$(inherited) @executable_path/Frameworks @loader_path/Frameworks";
				PRODUCT_NAME = "$(TARGET_NAME)";
				TEST_HOST = "$(BUILT_PRODUCTS_DIR)/StationToStation.app/StationToStation";
			};
			name = Debug;
		};
		9C40DA6C1B21563A001AEBBF /* Release */ = {
			isa = XCBuildConfiguration;
			buildSettings = {
				BUNDLE_LOADER = "$(TEST_HOST)";
				FRAMEWORK_SEARCH_PATHS = (
					"$(SDKROOT)/Developer/Library/Frameworks",
					"$(inherited)",
				);
				INFOPLIST_FILE = StationToStationTests/Info.plist;
				LD_RUNPATH_SEARCH_PATHS = "$(inherited) @executable_path/Frameworks @loader_path/Frameworks";
				PRODUCT_NAME = "$(TARGET_NAME)";
				TEST_HOST = "$(BUILT_PRODUCTS_DIR)/StationToStation.app/StationToStation";
			};
			name = Release;
		};
/* End XCBuildConfiguration section */

/* Begin XCConfigurationList section */
		9C40DA431B21563A001AEBBF /* Build configuration list for PBXProject "StationToStation" */ = {
			isa = XCConfigurationList;
			buildConfigurations = (
				9C40DA651B21563A001AEBBF /* Debug */,
				9C40DA661B21563A001AEBBF /* Release */,
			);
			defaultConfigurationIsVisible = 0;
			defaultConfigurationName = Release;
		};
		9C40DA671B21563A001AEBBF /* Build configuration list for PBXNativeTarget "StationToStation" */ = {
			isa = XCConfigurationList;
			buildConfigurations = (
				9C40DA681B21563A001AEBBF /* Debug */,
				9C40DA691B21563A001AEBBF /* Release */,
			);
			defaultConfigurationIsVisible = 0;
			defaultConfigurationName = Release;
		};
		9C40DA6A1B21563A001AEBBF /* Build configuration list for PBXNativeTarget "StationToStationTests" */ = {
			isa = XCConfigurationList;
			buildConfigurations = (
				9C40DA6B1B21563A001AEBBF /* Debug */,
				9C40DA6C1B21563A001AEBBF /* Release */,
			);
			defaultConfigurationIsVisible = 0;
			defaultConfigurationName = Release;
		};
/* End XCConfigurationList section */
	};
	rootObject = 9C40DA401B21563A001AEBBF /* Project object */;
}
